PODS:
  - Nimble (7.1.0)
  - Quick (1.2.0)

DEPENDENCIES:
  - Nimble
  - Quick

SPEC REPOS:
  https://github.com/CocoaPods/Specs.git:
    - Nimble
    - Quick

SPEC CHECKSUMS:
  Nimble: 9c6651c3021af6de54c3ed90a4a0a87d548f7359
  Quick: 58d203b1c5e27fff7229c4c1ae445ad7069a7a08

PODFILE CHECKSUM: 431673a217ef3bf76c6cc94141d0ebd266a1c9c7

COCOAPODS: 1.5.0
